Microsoft Visual Studio Solution File, Format Version 12.00
# Visual Studio Version 17
VisualStudioVersion = 17.5.2.0
MinimumVisualStudioVersion = 10.0.40219.1
Project("{FAE04EC0-301F-11D3-BF4B-00C04F79EFBC}") = "Uppgift1", "Uppgift1.csproj", "{0D026A01-3127-86DF-7391-2CE46C69E1C1}"
EndProject
Global
	GlobalSection(SolutionConfigurationPlatforms) = preSolution
		Debug|Any CPU = Debug|Any CPU
		Release|Any CPU = Release|Any CPU
	EndGlobalSection
	GlobalSection(ProjectConfigurationPlatforms) = postSolution
		{0D026A01-3127-86DF-7391-2CE46C69E1C1}.Debug|Any CPU.ActiveCfg = Debug|Any CPU
		{0D026A01-3127-86DF-7391-2CE46C69E1C1}.Debug|Any CPU.Build.0 = Debug|Any CPU
		{0D026A01-3127-86DF-7391-2CE46C69E1C1}.Release|Any CPU.ActiveCfg = Release|Any CPU
		{0D026A01-3127-86DF-7391-2CE46C69E1C1}.Release|Any CPU.Build.0 = Release|Any CPU
	EndGlobalSection
	GlobalSection(SolutionProperties) = preSolution
		HideSolutionNode = FALSE
	EndGlobalSection
	GlobalSection(ExtensibilityGlobals) = postSolution
		SolutionGuid = {A30CF4B4-F6AD-41B6-BAFA-397C9ECEE268}
	EndGlobalSection
EndGlobal
